
Microsoft Visual Studio Solution File, Format Version 12.00
# Visual Studio 15
VisualStudioVersion = 15.0.27428.2015
MinimumVisualStudioVersion = 10.0.40219.1
Project("{9A19103F-16F7-4668-BE54-9A1E7A4F7556}") = "TwitterBackup.Web", "TwitterBackup.Web\TwitterBackup.Web.csproj", "{A2F9CE05-BCF4-4342-8815-C86AB5CECE5F}"
EndProject
Project("{2150E333-8FDC-42A3-9474-1A3956D46DE8}") = "Business", "Business", "{BD8C3029-6FA9-4638-8B2C-46F084B10D18}"
EndProject
Project("{2150E333-8FDC-42A3-9474-1A3956D46DE8}") = "Data", "Data", "{7DFACEC8-CBFF-4811-99E0-50446181D9AF}"
EndProject
Project("{2150E333-8FDC-42A3-9474-1A3956D46DE8}") = "Presentation", "Presentation", "{C9655217-9FA7-4A72-A9F8-E97315938994}"
EndProject
Global
	GlobalSection(SolutionConfigurationPlatforms) = preSolution
		Debug|Any CPU = Debug|Any CPU
		Release|Any CPU = Release|Any CPU
	EndGlobalSection
	GlobalSection(ProjectConfigurationPlatforms) = postSolution
		{A2F9CE05-BCF4-4342-8815-C86AB5CECE5F}.Debug|Any CPU.ActiveCfg = Debug|Any CPU
		{A2F9CE05-BCF4-4342-8815-C86AB5CECE5F}.Debug|Any CPU.Build.0 = Debug|Any CPU
		{A2F9CE05-BCF4-4342-8815-C86AB5CECE5F}.Release|Any CPU.ActiveCfg = Release|Any CPU
		{A2F9CE05-BCF4-4342-8815-C86AB5CECE5F}.Release|Any CPU.Build.0 = Release|Any CPU
	EndGlobalSection
	GlobalSection(SolutionProperties) = preSolution
		HideSolutionNode = FALSE
	EndGlobalSection
	GlobalSection(ExtensibilityGlobals) = postSolution
		SolutionGuid = {D93CA799-D62C-45E2-89B3-C1E4F00178A6}
	EndGlobalSection
EndGlobal
